# This file is autogenerated, do not edit; changes may be undone by the next 'dep ensure'.


[[projects]]
  branch = "master"
  name = "github.com/eaburns/peggy"
  packages = ["peg"]
  revision = "d685ddd3cbcbecc02fed785f1295e43510b85035"

[[projects]]
  branch = "master"
  name = "github.com/eaburns/pretty"
  packages = ["."]
  revision = "362524b7236949adbe11ce2c082d152a8a573984"

[solve-meta]
  analyzer-name = "dep"
  analyzer-version = 1
  inputs-digest = "b5473df57c0eff4cfd0f0e53ce99c794f3654d22410460ccd48bb17758dd8b1b"
  solver-name = "gps-cdcl"
  solver-version = 1
